// !$*UTF8*$!
{
	archiveVersion = 1;
	classes = {
	};
	objectVersion = 46;
	objects = {
		7CD5CBA31C8B93FE013D7A2E = {
			isa = PBXBuildFile;
			fileRef = 758CE123F05656E56DE48F72;
		};
		AC4F02459B2EFFB32FB22ED5 = {
			isa = PBXBuildFile;
			fileRef = 9C4EF9BED1E63D9296F4B01D;
		};
		97A07543F8203D653C9DF5A8 = {
			isa = PBXBuildFile;
			fileRef = 1C545C0D003049C263C5347F;
		};
		0AA23ED751AD6C02706043C3 = {
			isa = PBXBuildFile;
			fileRef = C3E3E58318718258E9DDCF42;
		};
		E8B29CFF19E72F7CBB70C03D = {
			isa = PBXBuildFile;
			fileRef = 1F9646A04FC8860045811778;
		};
		E64968DD16BBFE33C786D8EF = {
			isa = PBXBuildFile;
			fileRef = 124FF23F82DE0D41D0CA352E;
		};
		F8B119EA1C03BF1CFA8C53F2 = {
			isa = PBXBuildFile;
			fileRef = C44AC5D175A182F315A8E4CB;
		};
		10AE42BA4EA7359C24094688 = {
			isa = PBXBuildFile;
			fileRef = A32493304FA37EE058BB17F5;
		};
		DD17D3C315462AF9F42C9653 = {
			isa = PBXBuildFile;
			fileRef = E68220076AC0DF46FA05360F;
		};
		95A15B33F7A83BC622595D8D = {
			isa = PBXBuildFile;
			fileRef = 7B9884D9036D90DBC65AF22A;
		};
		3C9C53FEDBA7F93A0CC6F23F = {
			isa = PBXBuildFile;
			fileRef = DDB562E7114F6651B2BDE3E5;
		};
		8FA309B784EC90FE182F856D = {
			isa = PBXBuildFile;
			fileRef = 5074E9A973E3CA5D3CD08A10;
		};
		F3E00F9DF27B7918C75C4054 = {
			isa = PBXBuildFile;
			fileRef = 6F6DBC362EAC4CDF500E06C2;
		};
		6225E841DA310D65516578DF = {
			isa = PBXBuildFile;
			fileRef = D630D2DE7BAC63061C67CDBD;
		};
		B5E24D7C700676E268135472 = {
			isa = PBXBuildFile;
			fileRef = 115557D053B725EAF3052388;
		};
		9F9AB4F79E32467B30941E06 = {
			isa = PBXBuildFile;
			fileRef = E3604F727EFEDCEEBCEAE1AD;
		};
		E181C9E5F280BCBF78C72E77 = {
			isa = PBXBuildFile;
			fileRef = FCE1448F279383CA0109F658;
		};
		329630B7ED2BF71D74A7AE67 = {
			isa = PBXBuildFile;
			fileRef = 7492A5BEC9806113325A1C27;
		};
		5A407B1D7724B6539FCA2772 = {
			isa = PBXBuildFile;
			fileRef = 3EC425A1F0D4F54EBA6AAA4F;
		};
		BEA0108DC72BD12118F27A76 = {
			isa = PBXBuildFile;
			fileRef = F098E36BBEDDB6BFE803418C;
		};
		E2400A332F849317A3E2AFE9 = {
			isa = PBXBuildFile;
			fileRef = C5335F15129AE8B2BE65C885;
		};
		6DF031F1AC9BDB41FBE6E71C = {
			isa = PBXBuildFile;
			fileRef = DC8A05B06A163A8029D0E7B3;
		};
		7369B0C9739E5D05682191FA = {
			isa = PBXBuildFile;
			fileRef = CE9586ED8729AA38E3CC6C0C;
		};
		B9D99D801792520845C1346D = {
			isa = PBXBuildFile;
			fileRef = 0476AA0CF68595922488AF10;
		};
		5179D492DCFA4BD190699756 = {
			isa = PBXBuildFile;
			fileRef = EE7024540F4AD130A39186C3;
		};
		E6BAB8D7251379D662628CBB = {
			isa = PBXBuildFile;
			fileRef = 4B3CF83084741322D871B234;
		};
		A042EAD9C7870EA155F849F8 = {
			isa = PBXBuildFile;
			fileRef = 1592320D26392F80A6B766E2;
		};
		97ED00803F43FB745D22CC03 = {
			isa = PBXBuildFile;
			fileRef = 4D461EF6A0EF8EB1C2C84D19;
		};
		C9F23AFA120FEF4233C0B377 = {
			isa = PBXBuildFile;
			fileRef = 615778E3A090309EA31CAE9D;
		};
		ECFF95D0567D19F06746912D = {
			isa = PBXBuildFile;
			fileRef = BF355A58D84ABC31BD2DDACA;
		};
		DE660EDF69D071641DA62B20 = {
			isa = PBXBuildFile;
			fileRef = 1AD5E528B8AEBA69AC6988B2;
		};
		8534221404145028D3E9E1D8 = {
			isa = PBXBuildFile;
			fileRef = F6969689C7E14722390D9A34;
		};
		08CF49D3E4D96AEAFAB73D91 = {
			isa = PBXBuildFile;
			fileRef = FBF7D42FC99137EA1F2C8A27;
		};
		75F9624BCCABE13733449CC6 = {
			isa = PBXBuildFile;
			fileRef = 1E7B568EF88BBDB721C46B68;
		};
		22B2B183153EED39F6D178CA = {
			isa = PBXBuildFile;
			fileRef = A22A30A430256AAA026A24EC;
		};
		297C2B8746D22CF139EAA7D8 = {
			isa = PBXBuildFile;
			fileRef = 6DAB5727E0CC808588B30866;
		};
		EE3309B69FAA0A1B43915ACE = {
			isa = PBXBuildFile;
			fileRef = DDA41E230CB3179F73E868EE;
		};
		A74745F72EA57B126E9696E0 = {
			isa = PBXBuildFile;
			fileRef = EF222A58E23A606A943DA98D;
		};
		BD6A9B97C2BC47B5585DB863 = {
			isa = PBXBuildFile;
			fileRef = 75592759DCEBE9D5641572A3;
		};
		F0BB4528610460E92D46BD89 = {
			isa = PBXBuildFile;
			fileRef = EFB7F0179CD9CCDB5584C459;
		};
		D4B1107BCECA4AB1298B7DFB = {
			isa = PBXBuildFile;
			fileRef = 6300985E7662A40B1D5EEB9F;
		};
		86EC6615E1F51E7A95C1F0EA = {
			isa = PBXBuildFile;
			fileRef = A986ADAA14B4A209690573A8;
		};
		8D76A53A518A0BABD11AF696 = {
			isa = PBXBuildFile;
			fileRef = 1AD7A7B925DE9DDB69F9BBF0;
		};
		0B9C18322F853A44D365BE70 = {
			isa = PBXBuildFile;
			fileRef = A574FA1F765EFC62DDE9A151;
		};
		E34DD963E7026D67B6F2B1F3 = {
			isa = PBXBuildFile;
			fileRef = 95B214A7BC34C421E6F41282;
		};
		178B07DDEC1AF1BF9A54629C = {
			isa = PBXBuildFile;
			fileRef = 29BF200E7A975E9684DB0DF1;
		};
		5D0C729CC9426FBDE636A2AE = {
			isa = PBXBuildFile;
			fileRef = F44F21C528A939E8820B256B;
		};
		0B3E556C40F0A05E619A4D6B = {
			isa = PBXBuildFile;
			fileRef = 9CF4974C5BF254609EC6A05A;
		};
		2BEDD97D40B427E7BE11E21D = {
			isa = PBXBuildFile;
			fileRef = 8E63375C2DE5476DD03F62AE;
		};
		B0C24BA736DDF0D21D46E157 = {
			isa = PBXBuildFile;
			fileRef = D742F49A20903991F1CB7450;
		};
		FDCBEB33C7A2799627F83C8F = {
			isa = PBXBuildFile;
			fileRef = 4118AC45965203FAD10892A1;
		};
		F55216B8F343927484202A0C = {
			isa = PBXBuildFile;
			fileRef = C67011C44EFE7627FFF938B8;
		};
		65304409BFC7F23AFBB9F94F = {
			isa = PBXBuildFile;
			fileRef = A8B4A38D64B1104DB06696E2;
		};
		C7009FDC75DFAE862CCD8F73 = {
			isa = PBXBuildFile;
			fileRef = B41D62224C5BFC2456B07E3B;
		};
		F7C259088BE154E359D3F30E = {
			isa = PBXBuildFile;
			fileRef = CE5702BC21398C7E884030D2;
		};
		615451330E9EFD06132ACC48 = {
			isa = PBXBuildFile;
			fileRef = 2D405C04E14EEB079FF6BA8B;
		};
		23AC29BC1E7255411113C85D = {
			isa = PBXBuildFile;
			fileRef = A15914F69FC07396A4B59EC2;
		};
		54E911AF382D4E3C1DB37149 = {
			isa = PBXBuildFile;
			fileRef = EC70EA151CE9407C04D1F057;
		};
		C08286330674124916B09775 = {
			isa = PBXBuildFile;
			fileRef = 4CB3BE891EAB702A82D83259;
		};
		4F2CD09C033531EE12BE3D41 = {
			isa = PBXBuildFile;
			fileRef = 75E28470AC86F005162A8149;
		};
		0395D23892802180B725956E = {
			isa = PBXFileReference;
			lastKnownFileType = sourcecode.c.h;
			name = maxiAtoms.h;
			path = ../../Source/backend/Maximilian/libs/maxiAtoms.h;
			sourceTree = "SOURCE_ROOT";
		};
		0476AA0CF68595922488AF10 = {
			isa = PBXFileReference;
			lastKnownFileType = sourcecode.cpp.cpp;
			name = maxiMFCC.cpp;
			path = ../../Source/backend/Maximilian/libs/maxiMFCC.cpp;
			sourceTree = "SOURCE_ROOT";
		};
		0850408814B20D18D1DB3AFC = {
			isa = PBXFileReference;
			lastKnownFileType = sourcecode.c.h;
			name = OscillatorComponent.h;
			path = ../../Source/frontend/OscillatorComponent.h;
			sourceTree = "SOURCE_ROOT";
		};
		0A8A99F9C02D587447D3A762 = {
			isa = PBXFileReference;
			lastKnownFileType = text.plist.xml;
			name = "Info-VST3.plist";
			path = "Info-VST3.plist";
			sourceTree = "SOURCE_ROOT";
		};
		109D3FAC2474B999AEC92E58 = {
			isa = PBXFileReference;
			lastKnownFileType = sourcecode.c.h;
			name = ComboSelector.h;
			path = ../../Source/frontend/materials/ComboSelector.h;
			sourceTree = "SOURCE_ROOT";
		};
		10E2976935BFDFA322582EC2 = {
			isa = PBXFileReference;
			lastKnownFileType = sourcecode.c.h;
			name = maxiFFT.h;
			path = ../../Source/backend/Maximilian/libs/maxiFFT.h;
			sourceTree = "SOURCE_ROOT";
		};
		115557D053B725EAF3052388 = {
			isa = PBXFileReference;
			lastKnownFileType = wrapper.framework;
			name = OpenGL.framework;
			path = System/Library/Frameworks/OpenGL.framework;
			sourceTree = SDKROOT;
		};
		124FF23F82DE0D41D0CA352E = {
			isa = PBXFileReference;
			lastKnownFileType = wrapper.framework;
			name = AudioToolbox.framework;
			path = System/Library/Frameworks/AudioToolbox.framework;
			sourceTree = SDKROOT;
		};
		1592320D26392F80A6B766E2 = {
			isa = PBXFileReference;
			lastKnownFileType = sourcecode.c.c;
			name = "stb_vorbis.c";
			path = "../../Source/backend/Maximilian/stb_vorbis.c";
			sourceTree = "SOURCE_ROOT";
		};
		1AD5E528B8AEBA69AC6988B2 = {
			isa = PBXFileReference;
			lastKnownFileType = sourcecode.cpp.cpp;
			name = Potentiometer.cpp;
			path = ../../Source/frontend/materials/Potentiometer.cpp;
			sourceTree = "SOURCE_ROOT";
		};
		1AD7A7B925DE9DDB69F9BBF0 = {
			isa = PBXFileReference;
			lastKnownFileType = sourcecode.cpp.objcpp;
			name = "include_juce_audio_formats.mm";
			path = "../../JuceLibraryCode/include_juce_audio_formats.mm";
			sourceTree = "SOURCE_ROOT";
		};
		1E7B568EF88BBDB721C46B68 = {
			isa = PBXFileReference;
			lastKnownFileType = sourcecode.cpp.cpp;
			name = OscillatorGroupComponent.cpp;
			path = ../../Source/frontend/OscillatorGroupComponent.cpp;
			sourceTree = "SOURCE_ROOT";
		};
		2100F4FA51AB7CB4F137E63F = {
			isa = PBXFileReference;
			lastKnownFileType = file;
			name = "juce_audio_plugin_client";
			path = "/Applications/JUCE/modules/juce_audio_plugin_client";
			sourceTree = "<absolute>";
		};
		25FF9D0421E34A524379E4A2 = {
			isa = PBXFileReference;
			lastKnownFileType = sourcecode.c.h;
			name = PluginProcessor.h;
			path = ../../Source/PluginProcessor.h;
			sourceTree = "SOURCE_ROOT";
		};
		267163A015CD74296F5F90A3 = {
			isa = PBXFileReference;
			lastKnownFileType = file;
			name = "juce_audio_basics";
			path = "/Applications/JUCE/modules/juce_audio_basics";
			sourceTree = "<absolute>";
		};
		29BF200E7A975E9684DB0DF1 = {
			isa = PBXFileReference;
			lastKnownFileType = sourcecode.cpp.objcpp;
			name = "include_juce_audio_plugin_client_AU_2.mm";
			path = "../../JuceLibraryCode/include_juce_audio_plugin_client_AU_2.mm";
			sourceTree = "SOURCE_ROOT";
		};
		2D405C04E14EEB079FF6BA8B = {
			isa = PBXFileReference;
			lastKnownFileType = sourcecode.cpp.objcpp;
			name = "include_juce_events.mm";
			path = "../../JuceLibraryCode/include_juce_events.mm";
			sourceTree = "SOURCE_ROOT";
		};
		31F79856C8D8866C7BF8B68B = {
			isa = PBXFileReference;
			lastKnownFileType = sourcecode.c.h;
			name = maxiBark.h;
			path = ../../Source/backend/Maximilian/libs/maxiBark.h;
			sourceTree = "SOURCE_ROOT";
		};
		3DCBDAD37968E8627C35D2BC = {
			isa = PBXFileReference;
			lastKnownFileType = file;
			name = "juce_audio_utils";
			path = "/Applications/JUCE/modules/juce_audio_utils";
			sourceTree = "<absolute>";
		};
		3DD195F0980DB1B5D700AA69 = {
			isa = PBXFileReference;
			lastKnownFileType = file;
			name = "juce_cryptography";
			path = "/Applications/JUCE/modules/juce_cryptography";
			sourceTree = "<absolute>";
		};
		3EC425A1F0D4F54EBA6AAA4F = {
			isa = PBXFileReference;
			lastKnownFileType = sourcecode.cpp.cpp;
			name = fft.cpp;
			path = ../../Source/backend/Maximilian/libs/fft.cpp;
			sourceTree = "SOURCE_ROOT";
		};
		4118AC45965203FAD10892A1 = {
			isa = PBXFileReference;
			lastKnownFileType = sourcecode.cpp.objcpp;
			name = "include_juce_audio_processors.mm";
			path = "../../JuceLibraryCode/include_juce_audio_processors.mm";
			sourceTree = "SOURCE_ROOT";
		};
		494F8A74AA63370F8875FECC = {
			isa = PBXFileReference;
			lastKnownFileType = file;
			name = "juce_audio_devices";
			path = "/Applications/JUCE/modules/juce_audio_devices";
			sourceTree = "<absolute>";
		};
		4B3CF83084741322D871B234 = {
			isa = PBXFileReference;
			lastKnownFileType = sourcecode.cpp.cpp;
			name = maximilian.cpp;
			path = ../../Source/backend/Maximilian/maximilian.cpp;
			sourceTree = "SOURCE_ROOT";
		};
		4CB3BE891EAB702A82D83259 = {
			isa = PBXFileReference;
			lastKnownFileType = sourcecode.cpp.objcpp;
			name = "include_juce_gui_extra.mm";
			path = "../../JuceLibraryCode/include_juce_gui_extra.mm";
			sourceTree = "SOURCE_ROOT";
		};
		4D461EF6A0EF8EB1C2C84D19 = {
			isa = PBXFileReference;
			lastKnownFileType = sourcecode.cpp.cpp;
			name = SynthSound.cpp;
			path = ../../Source/backend/SynthSound.cpp;
			sourceTree = "SOURCE_ROOT";
		};
		5074E9A973E3CA5D3CD08A10 = {
			isa = PBXFileReference;
			lastKnownFileType = wrapper.framework;
			name = CoreMIDI.framework;
			path = System/Library/Frameworks/CoreMIDI.framework;
			sourceTree = SDKROOT;
		};
		5441030773CD5E2B24EBD30A = {
			isa = PBXFileReference;
			lastKnownFileType = file;
			name = "juce_core";
			path = "/Applications/JUCE/modules/juce_core";
			sourceTree = "<absolute>";
		};
		575FF2D5BC675E4985F6F818 = {
			isa = PBXFileReference;
			lastKnownFileType = file;
			name = "juce_opengl";
			path = "/Applications/JUCE/modules/juce_opengl";
			sourceTree = "<absolute>";
		};
		615778E3A090309EA31CAE9D = {
			isa = PBXFileReference;
			lastKnownFileType = sourcecode.cpp.cpp;
			name = SynthVoice.cpp;
			path = ../../Source/backend/SynthVoice.cpp;
			sourceTree = "SOURCE_ROOT";
		};
		619D0486930FA7FE93A9DFD2 = {
			isa = PBXFileReference;
			lastKnownFileType = file;
			name = "juce_graphics";
			path = "/Applications/JUCE/modules/juce_graphics";
			sourceTree = "<absolute>";
		};
		6300985E7662A40B1D5EEB9F = {
			isa = PBXFileReference;
			lastKnownFileType = sourcecode.cpp.objcpp;
			name = "include_juce_audio_basics.mm";
			path = "../../JuceLibraryCode/include_juce_audio_basics.mm";
			sourceTree = "SOURCE_ROOT";
		};
		6B6F703116F2077C5612EE86 = {
			isa = PBXFileReference;
			lastKnownFileType = text.plist.xml;
			name = "Info-AU.plist";
			path = "Info-AU.plist";
			sourceTree = "SOURCE_ROOT";
		};
		6DAB5727E0CC808588B30866 = {
			isa = PBXFileReference;
			lastKnownFileType = sourcecode.cpp.cpp;
			name = MiddleComponent.cpp;
			path = ../../Source/frontend/MiddleComponent.cpp;
			sourceTree = "SOURCE_ROOT";
		};
		6DB3F7FDAFA526A1A557D101 = {
			isa = PBXFileReference;
			lastKnownFileType = file;
			name = "juce_events";
			path = "/Applications/JUCE/modules/juce_events";
			sourceTree = "<absolute>";
		};
		6F6DBC362EAC4CDF500E06C2 = {
			isa = PBXFileReference;
			lastKnownFileType = wrapper.framework;
			name = DiscRecording.framework;
			path = System/Library/Frameworks/DiscRecording.framework;
			sourceTree = SDKROOT;
		};
		719D1C785964F87010C2B1F2 = {
			isa = PBXFileReference;
			lastKnownFileType = file;
			name = "juce_gui_basics";
			path = "/Applications/JUCE/modules/juce_gui_basics";
			sourceTree = "<absolute>";
		};
		7492A5BEC9806113325A1C27 = {
			isa = PBXFileReference;
			lastKnownFileType = file.nib;
			name = RecentFilesMenuTemplate.nib;
			path = RecentFilesMenuTemplate.nib;
			sourceTree = "SOURCE_ROOT";
		};
		758CE123F05656E56DE48F72 = {
			isa = PBXFileReference;
			explicitFileType = wrapper.cfbundle;
			includeInIndex = 0;
			path = "GP-Synth.vst3";
			sourceTree = "BUILT_PRODUCTS_DIR";
		};
		9C4EF9BED1E63D9296F4B01D = {
			isa = PBXFileReference;
			explicitFileType = wrapper.cfbundle;
			includeInIndex = 0;
			path = "GP-Synth.component";
			sourceTree = "BUILT_PRODUCTS_DIR";
		};
		1C545C0D003049C263C5347F = {
			isa = PBXFileReference;
			explicitFileType = wrapper.application;
			includeInIndex = 0;
			path = "GP-Synth.app";
			sourceTree = "BUILT_PRODUCTS_DIR";
		};
		1F9646A04FC8860045811778 = {
			isa = PBXFileReference;
			lastKnownFileType = wrapper.framework;
			name = Accelerate.framework;
			path = System/Library/Frameworks/Accelerate.framework;
			sourceTree = SDKROOT;
		};
		329738C445D31DEB37D58EB7 = {
			isa = PBXFileReference;
			lastKnownFileType = sourcecode.c.h;
			name = fft.h;
			path = ../../Source/backend/Maximilian/libs/fft.h;
			sourceTree = "SOURCE_ROOT";
		};
		4BE377ABDDBAFF85FBF90C9F = {
			isa = PBXFileReference;
			lastKnownFileType = text.plist.xml;
			name = "GP-Synth.entitlements";
			path = "GP-Synth.entitlements";
			sourceTree = "SOURCE_ROOT";
		};
		53EE0BFCECA58EC840E888B6 = {
			isa = PBXFileReference;
			lastKnownFileType = sourcecode.c.h;
			name = PluginEditor.h;
			path = ../../Source/PluginEditor.h;
			sourceTree = "SOURCE_ROOT";
		};
		6362C8837FF05E6E5A580B2C = {
			isa = PBXFileReference;
			lastKnownFileType = sourcecode.c.h;
			name = sineTable.h;
			path = ../../Source/backend/Maximilian/libs/sineTable.h;
			sourceTree = "SOURCE_ROOT";
		};
		75592759DCEBE9D5641572A3 = {
			isa = PBXFileReference;
			lastKnownFileType = sourcecode.cpp.cpp;
			name = PluginProcessor.cpp;
			path = ../../Source/PluginProcessor.cpp;
			sourceTree = "SOURCE_ROOT";
		};
		75E28470AC86F005162A8149 = {
			isa = PBXFileReference;
			lastKnownFileType = sourcecode.cpp.objcpp;
			name = "include_juce_opengl.mm";
			path = "../../JuceLibraryCode/include_juce_opengl.mm";
			sourceTree = "SOURCE_ROOT";
		};
		7B9884D9036D90DBC65AF22A = {
			isa = PBXFileReference;
			lastKnownFileType = wrapper.framework;
			name = CoreAudio.framework;
			path = System/Library/Frameworks/CoreAudio.framework;
			sourceTree = SDKROOT;
		};
		7DF47CDA3B3080067D655BC6 = {
			isa = PBXFileReference;
			lastKnownFileType = sourcecode.c.h;
			name = "stb_vorbis.h";
			path = "../../Source/backend/Maximilian/stb_vorbis.h";
			sourceTree = "SOURCE_ROOT";
		};
		82C467329EDA1AC02195EE44 = {
			isa = PBXFileReference;
			lastKnownFileType = sourcecode.c.h;
			name = LeftComponent.h;
			path = ../../Source/frontend/LeftComponent.h;
			sourceTree = "SOURCE_ROOT";
		};
		8E63375C2DE5476DD03F62AE = {
			isa = PBXFileReference;
			lastKnownFileType = sourcecode.cpp.objcpp;
			name = "include_juce_audio_plugin_client_VST_utils.mm";
			path = "../../JuceLibraryCode/include_juce_audio_plugin_client_VST_utils.mm";
			sourceTree = "SOURCE_ROOT";
		};
		8EB9B22D056CA053BFE5590E = {
			isa = PBXFileReference;
			lastKnownFileType = sourcecode.c.h;
			name = FilterGroupComponent.h;
			path = ../../Source/frontend/FilterGroupComponent.h;
			sourceTree = "SOURCE_ROOT";
		};
		8F9C854A91EA2D3436C85193 = {
			isa = PBXFileReference;
			lastKnownFileType = file;
			name = "juce_data_structures";
			path = "/Applications/JUCE/modules/juce_data_structures";
			sourceTree = "<absolute>";
		};
		95B0D18EDA9DC893421F186E = {
			isa = PBXFileReference;
			lastKnownFileType = sourcecode.c.h;
			name = AppConfig.h;
			path = ../../JuceLibraryCode/AppConfig.h;
			sourceTree = "SOURCE_ROOT";
		};
		95B214A7BC34C421E6F41282 = {
			isa = PBXFileReference;
			lastKnownFileType = sourcecode.cpp.objcpp;
			name = "include_juce_audio_plugin_client_AU_1.mm";
			path = "../../JuceLibraryCode/include_juce_audio_plugin_client_AU_1.mm";
			sourceTree = "SOURCE_ROOT";
		};
		965A52DA2BE9B11DF861CBFB = {
			isa = PBXFileReference;
			lastKnownFileType = file;
			name = "juce_gui_extra";
			path = "/Applications/JUCE/modules/juce_gui_extra";
			sourceTree = "<absolute>";
		};
		9977A0E4646096F21CB14262 = {
			isa = PBXFileReference;
			lastKnownFileType = sourcecode.c.h;
			name = JuceHeader.h;
			path = ../../JuceLibraryCode/JuceHeader.h;
			sourceTree = "SOURCE_ROOT";
		};
		9A562BA28DD8134B134D33B6 = {
			isa = PBXFileReference;
			lastKnownFileType = sourcecode.c.h;
			name = maxiMFCC.h;
			path = ../../Source/backend/Maximilian/libs/maxiMFCC.h;
			sourceTree = "SOURCE_ROOT";
		};
		9BE6BE72D5807B166ABC6621 = {
			isa = PBXFileReference;
			lastKnownFileType = sourcecode.c.h;
			name = OscillatorGroupComponent.h;
			path = ../../Source/frontend/OscillatorGroupComponent.h;
			sourceTree = "SOURCE_ROOT";
		};
		9C3FCA91BB6739E9ECF1955B = {
			isa = PBXFileReference;
			lastKnownFileType = sourcecode.c.h;
			name = maximilian.h;
			path = ../../Source/backend/Maximilian/maximilian.h;
			sourceTree = "SOURCE_ROOT";
		};
		9CF4974C5BF254609EC6A05A = {
			isa = PBXFileReference;
			lastKnownFileType = sourcecode.cpp.cpp;
			name = "include_juce_audio_plugin_client_utils.cpp";
			path = "../../JuceLibraryCode/include_juce_audio_plugin_client_utils.cpp";
			sourceTree = "SOURCE_ROOT";
		};
		9E6FFA41C860466ED78574C6 = {
			isa = PBXFileReference;
			lastKnownFileType = sourcecode.c.h;
			name = SynthSound.h;
			path = ../../Source/backend/SynthSound.h;
			sourceTree = "SOURCE_ROOT";
		};
		9EBFBED88A4043B17C3DD0FF = {
			isa = PBXFileReference;
			lastKnownFileType = sourcecode.c.h;
			name = maxiGrains.h;
			path = ../../Source/backend/Maximilian/libs/maxiGrains.h;
			sourceTree = "SOURCE_ROOT";
		};
		A15914F69FC07396A4B59EC2 = {
			isa = PBXFileReference;
			lastKnownFileType = sourcecode.cpp.objcpp;
			name = "include_juce_graphics.mm";
			path = "../../JuceLibraryCode/include_juce_graphics.mm";
			sourceTree = "SOURCE_ROOT";
		};
		A22A30A430256AAA026A24EC = {
			isa = PBXFileReference;
			lastKnownFileType = sourcecode.cpp.cpp;
			name = LeftComponent.cpp;
			path = ../../Source/frontend/LeftComponent.cpp;
			sourceTree = "SOURCE_ROOT";
		};
		A32493304FA37EE058BB17F5 = {
			isa = PBXFileReference;
			lastKnownFileType = wrapper.framework;
			name = Carbon.framework;
			path = System/Library/Frameworks/Carbon.framework;
			sourceTree = SDKROOT;
		};
		A574FA1F765EFC62DDE9A151 = {
			isa = PBXFileReference;
			lastKnownFileType = file.r;
			name = "include_juce_audio_plugin_client_AU.r";
			path = "../../JuceLibraryCode/include_juce_audio_plugin_client_AU.r";
			sourceTree = "SOURCE_ROOT";
		};
		A8B4A38D64B1104DB06696E2 = {
			isa = PBXFileReference;
			lastKnownFileType = sourcecode.cpp.objcpp;
			name = "include_juce_core.mm";
			path = "../../JuceLibraryCode/include_juce_core.mm";
			sourceTree = "SOURCE_ROOT";
		};
		A937B5417EBD06FB131E2071 = {
			isa = PBXFileReference;
			lastKnownFileType = sourcecode.c.h;
			name = Potentiometer.h;
			path = ../../Source/frontend/materials/Potentiometer.h;
			sourceTree = "SOURCE_ROOT";
		};
		A986ADAA14B4A209690573A8 = {
			isa = PBXFileReference;
			lastKnownFileType = sourcecode.cpp.objcpp;
			name = "include_juce_audio_devices.mm";
			path = "../../JuceLibraryCode/include_juce_audio_devices.mm";
			sourceTree = "SOURCE_ROOT";
		};
		B41D62224C5BFC2456B07E3B = {
			isa = PBXFileReference;
			lastKnownFileType = sourcecode.cpp.objcpp;
			name = "include_juce_cryptography.mm";
			path = "../../JuceLibraryCode/include_juce_cryptography.mm";
			sourceTree = "SOURCE_ROOT";
		};
		BEC1A644DB53848600AECBE4 = {
			isa = PBXFileReference;
			lastKnownFileType = sourcecode.c.h;
			name = RightComponent.h;
			path = ../../Source/frontend/RightComponent.h;
			sourceTree = "SOURCE_ROOT";
		};
		BF355A58D84ABC31BD2DDACA = {
			isa = PBXFileReference;
			lastKnownFileType = sourcecode.cpp.cpp;
			name = ComboSelector.cpp;
			path = ../../Source/frontend/materials/ComboSelector.cpp;
			sourceTree = "SOURCE_ROOT";
		};
		C3E3E58318718258E9DDCF42 = {
			isa = PBXFileReference;
			explicitFileType = archive.ar;
			includeInIndex = 0;
			path = "libGP-Synth.a";
			sourceTree = "BUILT_PRODUCTS_DIR";
		};
		C44AC5D175A182F315A8E4CB = {
			isa = PBXFileReference;
			lastKnownFileType = wrapper.framework;
			name = AudioUnit.framework;
			path = System/Library/Frameworks/AudioUnit.framework;
			sourceTree = SDKROOT;
		};
		C5335F15129AE8B2BE65C885 = {
			isa = PBXFileReference;
			lastKnownFileType = sourcecode.cpp.cpp;
			name = maxiBark.cpp;
			path = ../../Source/backend/Maximilian/libs/maxiBark.cpp;
			sourceTree = "SOURCE_ROOT";
		};
		C67011C44EFE7627FFF938B8 = {
			isa = PBXFileReference;
			lastKnownFileType = sourcecode.cpp.objcpp;
			name = "include_juce_audio_utils.mm";
			path = "../../JuceLibraryCode/include_juce_audio_utils.mm";
			sourceTree = "SOURCE_ROOT";
		};
		CE5702BC21398C7E884030D2 = {
			isa = PBXFileReference;
			lastKnownFileType = sourcecode.cpp.objcpp;
			name = "include_juce_data_structures.mm";
			path = "../../JuceLibraryCode/include_juce_data_structures.mm";
			sourceTree = "SOURCE_ROOT";
		};
		CE9586ED8729AA38E3CC6C0C = {
			isa = PBXFileReference;
			lastKnownFileType = sourcecode.cpp.cpp;
			name = maxiGrains.cpp;
			path = ../../Source/backend/Maximilian/libs/maxiGrains.cpp;
			sourceTree = "SOURCE_ROOT";
		};
		CFF8C24600812EFC43C77535 = {
			isa = PBXFileReference;
			lastKnownFileType = text.plist.xml;
			name = "Info-Standalone_Plugin.plist";
			path = "Info-Standalone_Plugin.plist";
			sourceTree = "SOURCE_ROOT";
		};
		D630D2DE7BAC63061C67CDBD = {
			isa = PBXFileReference;
			lastKnownFileType = wrapper.framework;
			name = IOKit.framework;
			path = System/Library/Frameworks/IOKit.framework;
			sourceTree = SDKROOT;
		};
		D6ED6BDED09EC90597967C93 = {
			isa = PBXFileReference;
			lastKnownFileType = sourcecode.c.h;
			name = maxim.h;
			path = ../../Source/backend/Maximilian/libs/maxim.h;
			sourceTree = "SOURCE_ROOT";
		};
		D742F49A20903991F1CB7450 = {
			isa = PBXFileReference;
			lastKnownFileType = sourcecode.cpp.cpp;
			name = "include_juce_audio_plugin_client_VST3.cpp";
			path = "../../JuceLibraryCode/include_juce_audio_plugin_client_VST3.cpp";
			sourceTree = "SOURCE_ROOT";
		};
		DC8A05B06A163A8029D0E7B3 = {
			isa = PBXFileReference;
			lastKnownFileType = sourcecode.cpp.cpp;
			name = maxiFFT.cpp;
			path = ../../Source/backend/Maximilian/libs/maxiFFT.cpp;
			sourceTree = "SOURCE_ROOT";
		};
		DCD9DC62445DA619A592B053 = {
			isa = PBXFileReference;
			lastKnownFileType = sourcecode.c.h;
			name = SynthVoice.h;
			path = ../../Source/backend/SynthVoice.h;
			sourceTree = "SOURCE_ROOT";
		};
		DDA41E230CB3179F73E868EE = {
			isa = PBXFileReference;
			lastKnownFileType = sourcecode.cpp.cpp;
			name = RightComponent.cpp;
			path = ../../Source/frontend/RightComponent.cpp;
			sourceTree = "SOURCE_ROOT";
		};
		DDB562E7114F6651B2BDE3E5 = {
			isa = PBXFileReference;
			lastKnownFileType = wrapper.framework;
			name = CoreAudioKit.framework;
			path = System/Library/Frameworks/CoreAudioKit.framework;
			sourceTree = SDKROOT;
		};
		E3604F727EFEDCEEBCEAE1AD = {
			isa = PBXFileReference;
			lastKnownFileType = wrapper.framework;
			name = QuartzCore.framework;
			path = System/Library/Frameworks/QuartzCore.framework;
			sourceTree = SDKROOT;
		};
		E68220076AC0DF46FA05360F = {
			isa = PBXFileReference;
			lastKnownFileType = wrapper.framework;
			name = Cocoa.framework;
			path = System/Library/Frameworks/Cocoa.framework;
			sourceTree = SDKROOT;
		};
		E9210E4F359932B281EF0F7F = {
			isa = PBXFileReference;
			lastKnownFileType = file;
			name = "juce_audio_processors";
			path = "/Applications/JUCE/modules/juce_audio_processors";
			sourceTree = "<absolute>";
		};
		E9938924611649289083B8FC = {
			isa = PBXFileReference;
			lastKnownFileType = sourcecode.c.h;
			name = MainComponent.h;
			path = ../../Source/frontend/MainComponent.h;
			sourceTree = "SOURCE_ROOT";
		};
		EC70EA151CE9407C04D1F057 = {
			isa = PBXFileReference;
			lastKnownFileType = sourcecode.cpp.objcpp;
			name = "include_juce_gui_basics.mm";
			path = "../../JuceLibraryCode/include_juce_gui_basics.mm";
			sourceTree = "SOURCE_ROOT";
		};
		ED83EA88066BBCC41445789F = {
			isa = PBXFileReference;
			lastKnownFileType = file;
			name = "juce_audio_formats";
			path = "/Applications/JUCE/modules/juce_audio_formats";
			sourceTree = "<absolute>";
		};
		EE7024540F4AD130A39186C3 = {
			isa = PBXFileReference;
			lastKnownFileType = sourcecode.cpp.cpp;
			name = main.cpp;
			path = ../../Source/backend/Maximilian/main.cpp;
			sourceTree = "SOURCE_ROOT";
		};
		EF222A58E23A606A943DA98D = {
			isa = PBXFileReference;
			lastKnownFileType = sourcecode.cpp.cpp;
			name = MainComponent.cpp;
			path = ../../Source/frontend/MainComponent.cpp;
			sourceTree = "SOURCE_ROOT";
		};
		EFB7F0179CD9CCDB5584C459 = {
			isa = PBXFileReference;
			lastKnownFileType = sourcecode.cpp.cpp;
			name = PluginEditor.cpp;
			path = ../../Source/PluginEditor.cpp;
			sourceTree = "SOURCE_ROOT";
		};
		F098E36BBEDDB6BFE803418C = {
			isa = PBXFileReference;
			lastKnownFileType = sourcecode.cpp.cpp;
			name = maxiAtoms.cpp;
			path = ../../Source/backend/Maximilian/libs/maxiAtoms.cpp;
			sourceTree = "SOURCE_ROOT";
		};
		F44F21C528A939E8820B256B = {
			isa = PBXFileReference;
			lastKnownFileType = sourcecode.cpp.cpp;
			name = "include_juce_audio_plugin_client_Standalone.cpp";
			path = "../../JuceLibraryCode/include_juce_audio_plugin_client_Standalone.cpp";
			sourceTree = "SOURCE_ROOT";
		};
		F5D2B8C48AA01111E0F1D080 = {
			isa = PBXFileReference;
			lastKnownFileType = sourcecode.c.h;
			name = MiddleComponent.h;
			path = ../../Source/frontend/MiddleComponent.h;
			sourceTree = "SOURCE_ROOT";
		};
		F6969689C7E14722390D9A34 = {
			isa = PBXFileReference;
			lastKnownFileType = sourcecode.cpp.cpp;
			name = OscillatorComponent.cpp;
			path = ../../Source/frontend/OscillatorComponent.cpp;
			sourceTree = "SOURCE_ROOT";
		};
		FBF7D42FC99137EA1F2C8A27 = {
			isa = PBXFileReference;
			lastKnownFileType = sourcecode.cpp.cpp;
			name = FilterGroupComponent.cpp;
			path = ../../Source/frontend/FilterGroupComponent.cpp;
			sourceTree = "SOURCE_ROOT";
		};
		FCE1448F279383CA0109F658 = {
			isa = PBXFileReference;
			lastKnownFileType = wrapper.framework;
			name = WebKit.framework;
			path = System/Library/Frameworks/WebKit.framework;
			sourceTree = SDKROOT;
		};
		E0F55B6CEFE0E4F7AB4F0B78 = {
			isa = PBXGroup;
			children = (
				3EC425A1F0D4F54EBA6AAA4F,
				329738C445D31DEB37D58EB7,
				F098E36BBEDDB6BFE803418C,
				0395D23892802180B725956E,
				C5335F15129AE8B2BE65C885,
				31F79856C8D8866C7BF8B68B,
				DC8A05B06A163A8029D0E7B3,
				10E2976935BFDFA322582EC2,
				CE9586ED8729AA38E3CC6C0C,
				9EBFBED88A4043B17C3DD0FF,
				D6ED6BDED09EC90597967C93,
				0476AA0CF68595922488AF10,
				9A562BA28DD8134B134D33B6,
				6362C8837FF05E6E5A580B2C,
			);
			name = libs;
			sourceTree = "<group>";
		};
		39D6CB51BAC0679E994BC099 = {
			isa = PBXGroup;
			children = (
				E0F55B6CEFE0E4F7AB4F0B78,
				EE7024540F4AD130A39186C3,
				4B3CF83084741322D871B234,
				9C3FCA91BB6739E9ECF1955B,
				1592320D26392F80A6B766E2,
				7DF47CDA3B3080067D655BC6,
			);
			name = Maximilian;
			sourceTree = "<group>";
		};
		87421DD4CF7AFB659DC09F1E = {
			isa = PBXGroup;
			children = (
				39D6CB51BAC0679E994BC099,
				4D461EF6A0EF8EB1C2C84D19,
				9E6FFA41C860466ED78574C6,
				615778E3A090309EA31CAE9D,
				DCD9DC62445DA619A592B053,
			);
			name = backend;
			sourceTree = "<group>";
		};
		6E480A76A046DDA93DECD7C0 = {
			isa = PBXGroup;
			children = (
				BF355A58D84ABC31BD2DDACA,
				109D3FAC2474B999AEC92E58,
				1AD5E528B8AEBA69AC6988B2,
				A937B5417EBD06FB131E2071,
			);
			name = materials;
			sourceTree = "<group>";
		};
		D1072D68EB6C041EE9488B67 = {
			isa = PBXGroup;
			children = (
				6E480A76A046DDA93DECD7C0,
				F6969689C7E14722390D9A34,
				0850408814B20D18D1DB3AFC,
				FBF7D42FC99137EA1F2C8A27,
				8EB9B22D056CA053BFE5590E,
				1E7B568EF88BBDB721C46B68,
				9BE6BE72D5807B166ABC6621,
				A22A30A430256AAA026A24EC,
				82C467329EDA1AC02195EE44,
				6DAB5727E0CC808588B30866,
				F5D2B8C48AA01111E0F1D080,
				DDA41E230CB3179F73E868EE,
				BEC1A644DB53848600AECBE4,
				EF222A58E23A606A943DA98D,
				E9938924611649289083B8FC,
			);
			name = frontend;
			sourceTree = "<group>";
		};
		7979BDF128B7FC143C0DDE9B = {
			isa = PBXGroup;
			children = (
				87421DD4CF7AFB659DC09F1E,
				D1072D68EB6C041EE9488B67,
				75592759DCEBE9D5641572A3,
				25FF9D0421E34A524379E4A2,
				EFB7F0179CD9CCDB5584C459,
				53EE0BFCECA58EC840E888B6,
			);
			name = Source;
			sourceTree = "<group>";
		};
		3AFE922950708163E61279A7 = {
			isa = PBXGroup;
			children = (
				7979BDF128B7FC143C0DDE9B,
			);
			name = "GP-Synth";
			sourceTree = "<group>";
		};
		531879A7E9536759ACF56265 = {
			isa = PBXGroup;
			children = (
				267163A015CD74296F5F90A3,
				494F8A74AA63370F8875FECC,
				ED83EA88066BBCC41445789F,
				2100F4FA51AB7CB4F137E63F,
				E9210E4F359932B281EF0F7F,
				3DCBDAD37968E8627C35D2BC,
				5441030773CD5E2B24EBD30A,
				3DD195F0980DB1B5D700AA69,
				8F9C854A91EA2D3436C85193,
				6DB3F7FDAFA526A1A557D101,
				619D0486930FA7FE93A9DFD2,
				719D1C785964F87010C2B1F2,
				965A52DA2BE9B11DF861CBFB,
				575FF2D5BC675E4985F6F818,
			);
			name = "JUCE Modules";
			sourceTree = "<group>";
		};
		52DA6839DFE9A260FD7E2FD7 = {
			isa = PBXGroup;
			children = (
				95B0D18EDA9DC893421F186E,
				6300985E7662A40B1D5EEB9F,
				A986ADAA14B4A209690573A8,
				1AD7A7B925DE9DDB69F9BBF0,
				A574FA1F765EFC62DDE9A151,
				95B214A7BC34C421E6F41282,
				29BF200E7A975E9684DB0DF1,
				F44F21C528A939E8820B256B,
				9CF4974C5BF254609EC6A05A,
				8E63375C2DE5476DD03F62AE,
				D742F49A20903991F1CB7450,
				4118AC45965203FAD10892A1,
				C67011C44EFE7627FFF938B8,
				A8B4A38D64B1104DB06696E2,
				B41D62224C5BFC2456B07E3B,
				CE5702BC21398C7E884030D2,
				2D405C04E14EEB079FF6BA8B,
				A15914F69FC07396A4B59EC2,
				EC70EA151CE9407C04D1F057,
				4CB3BE891EAB702A82D83259,
				75E28470AC86F005162A8149,
				9977A0E4646096F21CB14262,
			);
			name = "JUCE Library Code";
			sourceTree = "<group>";
		};
		A5DEA0D81842A0F610032C06 = {
			isa = PBXGroup;
			children = (
				0A8A99F9C02D587447D3A762,
				6B6F703116F2077C5612EE86,
				CFF8C24600812EFC43C77535,
				7492A5BEC9806113325A1C27,
			);
			name = Resources;
			sourceTree = "<group>";
		};
		607DC86DA44BB8F174603FB0 = {
			isa = PBXGroup;
			children = (
				1F9646A04FC8860045811778,
				124FF23F82DE0D41D0CA352E,
				C44AC5D175A182F315A8E4CB,
				A32493304FA37EE058BB17F5,
				E68220076AC0DF46FA05360F,
				7B9884D9036D90DBC65AF22A,
				DDB562E7114F6651B2BDE3E5,
				5074E9A973E3CA5D3CD08A10,
				6F6DBC362EAC4CDF500E06C2,
				D630D2DE7BAC63061C67CDBD,
				115557D053B725EAF3052388,
				E3604F727EFEDCEEBCEAE1AD,
				FCE1448F279383CA0109F658,
			);
			name = Frameworks;
			sourceTree = "<group>";
		};
		5E990116E9F6E2D06F0B41F9 = {
			isa = PBXGroup;
			children = (
				758CE123F05656E56DE48F72,
				9C4EF9BED1E63D9296F4B01D,
				1C545C0D003049C263C5347F,
				C3E3E58318718258E9DDCF42,
			);
			name = Products;
			sourceTree = "<group>";
		};
		90739D25459C15B63661E196 = {
			isa = PBXGroup;
			children = (
				4BE377ABDDBAFF85FBF90C9F,
				3AFE922950708163E61279A7,
				531879A7E9536759ACF56265,
				52DA6839DFE9A260FD7E2FD7,
				A5DEA0D81842A0F610032C06,
				607DC86DA44BB8F174603FB0,
				5E990116E9F6E2D06F0B41F9,
			);
			name = Source;
			sourceTree = "<group>";
		};
		4486A1300EF9708AEE7A4A41 = {
			isa = XCBuildConfiguration;
			buildSettings = {
				MACOSX_DEPLOYMENT_TARGET = 10.11;
			};
			name = Debug;
		};
		4A036302881CA00E5FB65165 = {
			isa = XCBuildConfiguration;
			buildSettings = {
				MACOSX_DEPLOYMENT_TARGET = 10.11;
			};
			name = Release;
		};
		04C015FF32D50EFD00D1D59F = {
			isa = XCBuildConfiguration;
			buildSettings = {
				CLANG_CXX_LANGUAGE_STANDARD = "c++14";
				CLANG_CXX_LIBRARY = "libc++";
				CLANG_LINK_OBJC_RUNTIME = NO;
				COMBINE_HIDPI_IMAGES = YES;
				CONFIGURATION_BUILD_DIR = "$(PROJECT_DIR)/build/$(CONFIGURATION)";
				COPY_PHASE_STRIP = NO;
				DEPLOYMENT_LOCATION = YES;
				DSTROOT = /;
				GCC_DYNAMIC_NO_PIC = NO;
				GCC_OPTIMIZATION_LEVEL = 0;
				GCC_PREPROCESSOR_DEFINITIONS = (
					"_DEBUG=1",
					"DEBUG=1",
					"JUCER_XCODE_MAC_F6D2F4CF=1",
					"JUCE_APP_VERSION=1.0.0",
					"JUCE_APP_VERSION_HEX=0x10000",
					"JucePlugin_Build_VST=0",
					"JucePlugin_Build_VST3=1",
					"JucePlugin_Build_AU=0",
					"JucePlugin_Build_AUv3=0",
					"JucePlugin_Build_RTAS=0",
					"JucePlugin_Build_AAX=0",
					"JucePlugin_Build_Standalone=0",
					"JucePlugin_Build_Unity=0",
				);
				GCC_VERSION = com.apple.compilers.llvm.clang.1_0;
				GENERATE_PKGINFO_FILE = YES;
				HEADER_SEARCH_PATHS = (
					"../../../../../../../Applications/JUCE/modules/juce_audio_processors/format_types/VST3_SDK",
					"../../JuceLibraryCode",
					"/Applications/JUCE/modules",
					"/Applications/JUCE/modules/juce_audio_plugin_client",
					"$(inherited)",
				);
				INFOPLIST_FILE = Info-VST3.plist;
				INFOPLIST_PREPROCESS = NO;
				INSTALL_PATH = "$(HOME)/Library/Audio/Plug-Ins/VST3/";
				LIBRARY_STYLE = Bundle;
				MACOSX_DEPLOYMENT_TARGET = 10.11;
				OTHER_LDFLAGS = "-bundle -lGP-Synth";
				PRODUCT_BUNDLE_IDENTIFIER = com.yourcompany.GPSynth;
				PRODUCT_NAME = "GP-Synth";
				USE_HEADERMAP = NO;
				WRAPPER_EXTENSION = vst3;
			};
			name = Debug;
		};
		6E0E65E5B2C4C4ADCC89B05D = {
			isa = XCBuildConfiguration;
			buildSettings = {
				CLANG_CXX_LANGUAGE_STANDARD = "c++14";
				CLANG_CXX_LIBRARY = "libc++";
				CLANG_LINK_OBJC_RUNTIME = NO;
				COMBINE_HIDPI_IMAGES = YES;
				CONFIGURATION_BUILD_DIR = "$(PROJECT_DIR)/build/$(CONFIGURATION)";
				DEAD_CODE_STRIPPING = YES;
				DEPLOYMENT_LOCATION = YES;
				DSTROOT = /;
				GCC_GENERATE_DEBUGGING_SYMBOLS = NO;
				GCC_OPTIMIZATION_LEVEL = 3;
				GCC_PREPROCESSOR_DEFINITIONS = (
					"_NDEBUG=1",
					"NDEBUG=1",
					"JUCER_XCODE_MAC_F6D2F4CF=1",
					"JUCE_APP_VERSION=1.0.0",
					"JUCE_APP_VERSION_HEX=0x10000",
					"JucePlugin_Build_VST=0",
					"JucePlugin_Build_VST3=1",
					"JucePlugin_Build_AU=0",
					"JucePlugin_Build_AUv3=0",
					"JucePlugin_Build_RTAS=0",
					"JucePlugin_Build_AAX=0",
					"JucePlugin_Build_Standalone=0",
					"JucePlugin_Build_Unity=0",
				);
				GCC_SYMBOLS_PRIVATE_EXTERN = YES;
				GCC_VERSION = com.apple.compilers.llvm.clang.1_0;
				GENERATE_PKGINFO_FILE = YES;
				HEADER_SEARCH_PATHS = (
					"../../../../../../../Applications/JUCE/modules/juce_audio_processors/format_types/VST3_SDK",
					"../../JuceLibraryCode",
					"/Applications/JUCE/modules",
					"/Applications/JUCE/modules/juce_audio_plugin_client",
					"$(inherited)",
				);
				INFOPLIST_FILE = Info-VST3.plist;
				INFOPLIST_PREPROCESS = NO;
				INSTALL_PATH = "$(HOME)/Library/Audio/Plug-Ins/VST3/";
				LIBRARY_STYLE = Bundle;
				LLVM_LTO = YES;
				MACOSX_DEPLOYMENT_TARGET = 10.11;
				OTHER_LDFLAGS = "-bundle -lGP-Synth";
				PRODUCT_BUNDLE_IDENTIFIER = com.yourcompany.GPSynth;
				PRODUCT_NAME = "GP-Synth";
				USE_HEADERMAP = NO;
				WRAPPER_EXTENSION = vst3;
			};
			name = Release;
		};
		A869A113691AD9043061D5C5 = {
			isa = XCBuildConfiguration;
			buildSettings = {
				CLANG_CXX_LANGUAGE_STANDARD = "c++14";
				CLANG_CXX_LIBRARY = "libc++";
				CLANG_LINK_OBJC_RUNTIME = NO;
				COMBINE_HIDPI_IMAGES = YES;
				CONFIGURATION_BUILD_DIR = "$(PROJECT_DIR)/build/$(CONFIGURATION)";
				COPY_PHASE_STRIP = NO;
				DEPLOYMENT_LOCATION = YES;
				DSTROOT = /;
				GCC_DYNAMIC_NO_PIC = NO;
				GCC_OPTIMIZATION_LEVEL = 0;
				GCC_PREPROCESSOR_DEFINITIONS = (
					"_DEBUG=1",
					"DEBUG=1",
					"JUCER_XCODE_MAC_F6D2F4CF=1",
					"JUCE_APP_VERSION=1.0.0",
					"JUCE_APP_VERSION_HEX=0x10000",
					"JucePlugin_Build_VST=0",
					"JucePlugin_Build_VST3=0",
					"JucePlugin_Build_AU=1",
					"JucePlugin_Build_AUv3=0",
					"JucePlugin_Build_RTAS=0",
					"JucePlugin_Build_AAX=0",
					"JucePlugin_Build_Standalone=0",
					"JucePlugin_Build_Unity=0",
				);
				GCC_VERSION = com.apple.compilers.llvm.clang.1_0;
				GENERATE_PKGINFO_FILE = YES;
				HEADER_SEARCH_PATHS = (
					"../../../../../../../Applications/JUCE/modules/juce_audio_processors/format_types/VST3_SDK",
					"../../JuceLibraryCode",
					"/Applications/JUCE/modules",
					"/Applications/JUCE/modules/juce_audio_plugin_client",
					"$(inherited)",
				);
				INFOPLIST_FILE = Info-AU.plist;
				INFOPLIST_PREPROCESS = NO;
				INSTALL_PATH = "$(HOME)/Library/Audio/Plug-Ins/Components/";
				LIBRARY_STYLE = Bundle;
				MACOSX_DEPLOYMENT_TARGET = 10.11;
				OTHER_LDFLAGS = "-bundle -lGP-Synth";
				OTHER_REZFLAGS = "-d ppc_$ppc -d i386_$i386 -d ppc64_$ppc64 -d x86_64_$x86_64 -I /System/Library/Frameworks/CoreServices.framework/Frameworks/CarbonCore.framework/Versions/A/Headers -I \"$(DEVELOPER_DIR)/Extras/CoreAudio/AudioUnits/AUPublic/AUBase\"";
				PRODUCT_BUNDLE_IDENTIFIER = com.yourcompany.GPSynth;
				PRODUCT_NAME = "GP-Synth";
				USE_HEADERMAP = NO;
				WRAPPER_EXTENSION = component;
			};
			name = Debug;
		};
		671483EB6CCF6D02D5B412A3 = {
			isa = XCBuildConfiguration;
			buildSettings = {
				CLANG_CXX_LANGUAGE_STANDARD = "c++14";
				CLANG_CXX_LIBRARY = "libc++";
				CLANG_LINK_OBJC_RUNTIME = NO;
				COMBINE_HIDPI_IMAGES = YES;
				CONFIGURATION_BUILD_DIR = "$(PROJECT_DIR)/build/$(CONFIGURATION)";
				DEAD_CODE_STRIPPING = YES;
				DEPLOYMENT_LOCATION = YES;
				DSTROOT = /;
				GCC_GENERATE_DEBUGGING_SYMBOLS = NO;
				GCC_OPTIMIZATION_LEVEL = 3;
				GCC_PREPROCESSOR_DEFINITIONS = (
					"_NDEBUG=1",
					"NDEBUG=1",
					"JUCER_XCODE_MAC_F6D2F4CF=1",
					"JUCE_APP_VERSION=1.0.0",
					"JUCE_APP_VERSION_HEX=0x10000",
					"JucePlugin_Build_VST=0",
					"JucePlugin_Build_VST3=0",
					"JucePlugin_Build_AU=1",
					"JucePlugin_Build_AUv3=0",
					"JucePlugin_Build_RTAS=0",
					"JucePlugin_Build_AAX=0",
					"JucePlugin_Build_Standalone=0",
					"JucePlugin_Build_Unity=0",
				);
				GCC_SYMBOLS_PRIVATE_EXTERN = YES;
				GCC_VERSION = com.apple.compilers.llvm.clang.1_0;
				GENERATE_PKGINFO_FILE = YES;
				HEADER_SEARCH_PATHS = (
					"../../../../../../../Applications/JUCE/modules/juce_audio_processors/format_types/VST3_SDK",
					"../../JuceLibraryCode",
					"/Applications/JUCE/modules",
					"/Applications/JUCE/modules/juce_audio_plugin_client",
					"$(inherited)",
				);
				INFOPLIST_FILE = Info-AU.plist;
				INFOPLIST_PREPROCESS = NO;
				INSTALL_PATH = "$(HOME)/Library/Audio/Plug-Ins/Components/";
				LIBRARY_STYLE = Bundle;
				LLVM_LTO = YES;
				MACOSX_DEPLOYMENT_TARGET = 10.11;
				OTHER_LDFLAGS = "-bundle -lGP-Synth";
				OTHER_REZFLAGS = "-d ppc_$ppc -d i386_$i386 -d ppc64_$ppc64 -d x86_64_$x86_64 -I /System/Library/Frameworks/CoreServices.framework/Frameworks/CarbonCore.framework/Versions/A/Headers -I \"$(DEVELOPER_DIR)/Extras/CoreAudio/AudioUnits/AUPublic/AUBase\"";
				PRODUCT_BUNDLE_IDENTIFIER = com.yourcompany.GPSynth;
				PRODUCT_NAME = "GP-Synth";
				USE_HEADERMAP = NO;
				WRAPPER_EXTENSION = component;
			};
			name = Release;
		};
		CBFE3FCD79FD36FEDB26E153 = {
			isa = XCBuildConfiguration;
			buildSettings = {
				CLANG_CXX_LANGUAGE_STANDARD = "c++14";
				CLANG_CXX_LIBRARY = "libc++";
				CLANG_LINK_OBJC_RUNTIME = NO;
				COMBINE_HIDPI_IMAGES = YES;
				CONFIGURATION_BUILD_DIR = "$(PROJECT_DIR)/build/$(CONFIGURATION)";
				COPY_PHASE_STRIP = NO;
				GCC_DYNAMIC_NO_PIC = NO;
				GCC_OPTIMIZATION_LEVEL = 0;
				GCC_PREPROCESSOR_DEFINITIONS = (
					"_DEBUG=1",
					"DEBUG=1",
					"JUCER_XCODE_MAC_F6D2F4CF=1",
					"JUCE_APP_VERSION=1.0.0",
					"JUCE_APP_VERSION_HEX=0x10000",
					"JucePlugin_Build_VST=0",
					"JucePlugin_Build_VST3=0",
					"JucePlugin_Build_AU=0",
					"JucePlugin_Build_AUv3=0",
					"JucePlugin_Build_RTAS=0",
					"JucePlugin_Build_AAX=0",
					"JucePlugin_Build_Standalone=1",
					"JucePlugin_Build_Unity=0",
				);
				GCC_VERSION = com.apple.compilers.llvm.clang.1_0;
				HEADER_SEARCH_PATHS = (
					"../../../../../../../Applications/JUCE/modules/juce_audio_processors/format_types/VST3_SDK",
					"../../JuceLibraryCode",
					"/Applications/JUCE/modules",
					"/Applications/JUCE/modules/juce_audio_plugin_client",
					"$(inherited)",
				);
				INFOPLIST_FILE = Info-Standalone_Plugin.plist;
				INFOPLIST_PREPROCESS = NO;
				MACOSX_DEPLOYMENT_TARGET = 10.11;
				OTHER_LDFLAGS = "-lGP-Synth";
				PRODUCT_BUNDLE_IDENTIFIER = com.yourcompany.GPSynth;
				PRODUCT_NAME = "GP-Synth";
				USE_HEADERMAP = NO;
			};
			name = Debug;
		};
		D574AFEFC52E73C1F80B379D = {
			isa = XCBuildConfiguration;
			buildSettings = {
				CLANG_CXX_LANGUAGE_STANDARD = "c++14";
				CLANG_CXX_LIBRARY = "libc++";
				CLANG_LINK_OBJC_RUNTIME = NO;
				COMBINE_HIDPI_IMAGES = YES;
				CONFIGURATION_BUILD_DIR = "$(PROJECT_DIR)/build/$(CONFIGURATION)";
				DEAD_CODE_STRIPPING = YES;
				GCC_GENERATE_DEBUGGING_SYMBOLS = NO;
				GCC_OPTIMIZATION_LEVEL = 3;
				GCC_PREPROCESSOR_DEFINITIONS = (
					"_NDEBUG=1",
					"NDEBUG=1",
					"JUCER_XCODE_MAC_F6D2F4CF=1",
					"JUCE_APP_VERSION=1.0.0",
					"JUCE_APP_VERSION_HEX=0x10000",
					"JucePlugin_Build_VST=0",
					"JucePlugin_Build_VST3=0",
					"JucePlugin_Build_AU=0",
					"JucePlugin_Build_AUv3=0",
					"JucePlugin_Build_RTAS=0",
					"JucePlugin_Build_AAX=0",
					"JucePlugin_Build_Standalone=1",
					"JucePlugin_Build_Unity=0",
				);
				GCC_SYMBOLS_PRIVATE_EXTERN = YES;
				GCC_VERSION = com.apple.compilers.llvm.clang.1_0;
				HEADER_SEARCH_PATHS = (
					"../../../../../../../Applications/JUCE/modules/juce_audio_processors/format_types/VST3_SDK",
					"../../JuceLibraryCode",
					"/Applications/JUCE/modules",
					"/Applications/JUCE/modules/juce_audio_plugin_client",
					"$(inherited)",
				);
				INFOPLIST_FILE = Info-Standalone_Plugin.plist;
				INFOPLIST_PREPROCESS = NO;
				LLVM_LTO = YES;
				MACOSX_DEPLOYMENT_TARGET = 10.11;
				OTHER_LDFLAGS = "-lGP-Synth";
				PRODUCT_BUNDLE_IDENTIFIER = com.yourcompany.GPSynth;
				PRODUCT_NAME = "GP-Synth";
				USE_HEADERMAP = NO;
			};
			name = Release;
		};
		142981F36AE93B3DC407E706 = {
			isa = XCBuildConfiguration;
			buildSettings = {
				CLANG_CXX_LANGUAGE_STANDARD = "c++14";
				CLANG_CXX_LIBRARY = "libc++";
				CLANG_LINK_OBJC_RUNTIME = NO;
				COMBINE_HIDPI_IMAGES = YES;
				CONFIGURATION_BUILD_DIR = "$(PROJECT_DIR)/build/$(CONFIGURATION)";
				COPY_PHASE_STRIP = NO;
				GCC_DYNAMIC_NO_PIC = NO;
				GCC_OPTIMIZATION_LEVEL = 0;
				GCC_PREPROCESSOR_DEFINITIONS = (
					"_DEBUG=1",
					"DEBUG=1",
					"JUCER_XCODE_MAC_F6D2F4CF=1",
					"JUCE_APP_VERSION=1.0.0",
					"JUCE_APP_VERSION_HEX=0x10000",
					"JucePlugin_Build_VST=0",
					"JucePlugin_Build_VST3=1",
					"JucePlugin_Build_AU=1",
					"JucePlugin_Build_AUv3=0",
					"JucePlugin_Build_RTAS=0",
					"JucePlugin_Build_AAX=0",
					"JucePlugin_Build_Standalone=1",
					"JucePlugin_Build_Unity=0",
					"JUCE_SHARED_CODE=1",
				);
				GCC_VERSION = com.apple.compilers.llvm.clang.1_0;
				HEADER_SEARCH_PATHS = (
					"../../../../../../../Applications/JUCE/modules/juce_audio_processors/format_types/VST3_SDK",
					"../../JuceLibraryCode",
					"/Applications/JUCE/modules",
					"/Applications/JUCE/modules/juce_audio_plugin_client",
					"$(inherited)",
				);
				INSTALL_PATH = "@executable_path/../Frameworks";
				MACOSX_DEPLOYMENT_TARGET = 10.11;
				PRODUCT_BUNDLE_IDENTIFIER = com.yourcompany.GPSynth;
				PRODUCT_NAME = "GP-Synth";
				SKIP_INSTALL = YES;
				USE_HEADERMAP = NO;
			};
			name = Debug;
		};
		45D0DB94CBC34B9E119AA726 = {
			isa = XCBuildConfiguration;
			buildSettings = {
				CLANG_CXX_LANGUAGE_STANDARD = "c++14";
				CLANG_CXX_LIBRARY = "libc++";
				CLANG_LINK_OBJC_RUNTIME = NO;
				COMBINE_HIDPI_IMAGES = YES;
				CONFIGURATION_BUILD_DIR = "$(PROJECT_DIR)/build/$(CONFIGURATION)";
				DEAD_CODE_STRIPPING = YES;
				GCC_GENERATE_DEBUGGING_SYMBOLS = NO;
				GCC_OPTIMIZATION_LEVEL = 3;
				GCC_PREPROCESSOR_DEFINITIONS = (
					"_NDEBUG=1",
					"NDEBUG=1",
					"JUCER_XCODE_MAC_F6D2F4CF=1",
					"JUCE_APP_VERSION=1.0.0",
					"JUCE_APP_VERSION_HEX=0x10000",
					"JucePlugin_Build_VST=0",
					"JucePlugin_Build_VST3=1",
					"JucePlugin_Build_AU=1",
					"JucePlugin_Build_AUv3=0",
					"JucePlugin_Build_RTAS=0",
					"JucePlugin_Build_AAX=0",
					"JucePlugin_Build_Standalone=1",
					"JucePlugin_Build_Unity=0",
					"JUCE_SHARED_CODE=1",
				);
				GCC_SYMBOLS_PRIVATE_EXTERN = YES;
				GCC_VERSION = com.apple.compilers.llvm.clang.1_0;
				HEADER_SEARCH_PATHS = (
					"../../../../../../../Applications/JUCE/modules/juce_audio_processors/format_types/VST3_SDK",
					"../../JuceLibraryCode",
					"/Applications/JUCE/modules",
					"/Applications/JUCE/modules/juce_audio_plugin_client",
					"$(inherited)",
				);
				INSTALL_PATH = "@executable_path/../Frameworks";
				LLVM_LTO = YES;
				MACOSX_DEPLOYMENT_TARGET = 10.11;
				PRODUCT_BUNDLE_IDENTIFIER = com.yourcompany.GPSynth;
				PRODUCT_NAME = "GP-Synth";
				SKIP_INSTALL = YES;
				USE_HEADERMAP = NO;
			};
			name = Release;
		};
		90BC9A4D016C0A23D309CA8D = {
			isa = XCBuildConfiguration;
			buildSettings = {
				ALWAYS_SEARCH_USER_PATHS = NO;
				CLANG_ENABLE_OBJC_WEAK = YES;
				CLANG_WARN_BLOCK_CAPTURE_AUTORELEASING = YES;
				CLANG_WARN_BOOL_CONVERSION = YES;
				CLANG_WARN_COMMA = YES;
				CLANG_WARN_CONSTANT_CONVERSION = YES;
				CLANG_WARN_DEPRECATED_OBJC_IMPLEMENTATIONS = YES;
				CLANG_WARN_EMPTY_BODY = YES;
				CLANG_WARN_ENUM_CONVERSION = YES;
				CLANG_WARN_INFINITE_RECURSION = YES;
				CLANG_WARN_INT_CONVERSION = YES;
				CLANG_WARN_NON_LITERAL_NULL_CONVERSION = YES;
				CLANG_WARN_OBJC_IMPLICIT_RETAIN_SELF = YES;
				CLANG_WARN_OBJC_LITERAL_CONVERSION = YES;
				CLANG_WARN_RANGE_LOOP_ANALYSIS = YES;
				CLANG_WARN_STRICT_PROTOTYPES = YES;
				CLANG_WARN_SUSPICIOUS_MOVE = YES;
				CLANG_WARN_UNREACHABLE_CODE = YES;
				CLANG_WARN__DUPLICATE_METHOD_MATCH = YES;
				DEBUG_INFORMATION_FORMAT = dwarf;
				ENABLE_STRICT_OBJC_MSGSEND = YES;
				ENABLE_TESTABILITY = YES;
				GCC_C_LANGUAGE_STANDARD = c11;
				GCC_INLINES_ARE_PRIVATE_EXTERN = YES;
				GCC_MODEL_TUNING = G5;
				GCC_NO_COMMON_BLOCKS = YES;
				GCC_WARN_64_TO_32_BIT_CONVERSION = YES;
				GCC_WARN_ABOUT_RETURN_TYPE = YES;
				GCC_WARN_CHECK_SWITCH_STATEMENTS = YES;
				GCC_WARN_MISSING_PARENTHESES = YES;
				GCC_WARN_NON_VIRTUAL_DESTRUCTOR = YES;
				GCC_WARN_TYPECHECK_CALLS_TO_PRINTF = YES;
				GCC_WARN_UNDECLARED_SELECTOR = YES;
				GCC_WARN_UNINITIALIZED_AUTOS = YES;
				GCC_WARN_UNUSED_FUNCTION = YES;
				GCC_WARN_UNUSED_VARIABLE = YES;
				ONLY_ACTIVE_ARCH = YES;
				PRODUCT_NAME = "GP-Synth";
				WARNING_CFLAGS = "-Wreorder";
				ZERO_LINK = NO;
			};
			name = Debug;
		};
		E639B5089625782F283464BA = {
			isa = XCBuildConfiguration;
			buildSettings = {
				ALWAYS_SEARCH_USER_PATHS = NO;
				CLANG_ENABLE_OBJC_WEAK = YES;
				CLANG_WARN_BLOCK_CAPTURE_AUTORELEASING = YES;
				CLANG_WARN_BOOL_CONVERSION = YES;
				CLANG_WARN_COMMA = YES;
				CLANG_WARN_CONSTANT_CONVERSION = YES;
				CLANG_WARN_DEPRECATED_OBJC_IMPLEMENTATIONS = YES;
				CLANG_WARN_EMPTY_BODY = YES;
				CLANG_WARN_ENUM_CONVERSION = YES;
				CLANG_WARN_INFINITE_RECURSION = YES;
				CLANG_WARN_INT_CONVERSION = YES;
				CLANG_WARN_NON_LITERAL_NULL_CONVERSION = YES;
				CLANG_WARN_OBJC_IMPLICIT_RETAIN_SELF = YES;
				CLANG_WARN_OBJC_LITERAL_CONVERSION = YES;
				CLANG_WARN_RANGE_LOOP_ANALYSIS = YES;
				CLANG_WARN_STRICT_PROTOTYPES = YES;
				CLANG_WARN_SUSPICIOUS_MOVE = YES;
				CLANG_WARN_UNREACHABLE_CODE = YES;
				CLANG_WARN__DUPLICATE_METHOD_MATCH = YES;
				DEBUG_INFORMATION_FORMAT = dwarf;
				ENABLE_STRICT_OBJC_MSGSEND = YES;
				GCC_C_LANGUAGE_STANDARD = c11;
				GCC_INLINES_ARE_PRIVATE_EXTERN = YES;
				GCC_MODEL_TUNING = G5;
				GCC_NO_COMMON_BLOCKS = YES;
				GCC_WARN_64_TO_32_BIT_CONVERSION = YES;
				GCC_WARN_ABOUT_RETURN_TYPE = YES;
				GCC_WARN_CHECK_SWITCH_STATEMENTS = YES;
				GCC_WARN_MISSING_PARENTHESES = YES;
				GCC_WARN_NON_VIRTUAL_DESTRUCTOR = YES;
				GCC_WARN_TYPECHECK_CALLS_TO_PRINTF = YES;
				GCC_WARN_UNDECLARED_SELECTOR = YES;
				GCC_WARN_UNINITIALIZED_AUTOS = YES;
				GCC_WARN_UNUSED_FUNCTION = YES;
				GCC_WARN_UNUSED_VARIABLE = YES;
				PRODUCT_NAME = "GP-Synth";
				WARNING_CFLAGS = "-Wreorder";
				ZERO_LINK = NO;
			};
			name = Release;
		};
		D282374EC880190846A0BF8D = {
			isa = PBXTargetDependency;
			target = 1DA48D1102DE1E81D1902B46;
		};
		DF2973A6AA218B4FDBB563DE = {
			isa = PBXTargetDependency;
			target = B8164B6D67DCBA9882CF3162;
		};
		0FF58494520C4A8183A264B2 = {
			isa = PBXTargetDependency;
			target = 5802E54D395756A3733712EA;
		};
		3C7D3951EBC13202CDE50814 = {
			isa = PBXTargetDependency;
			target = 22C7D5BE64EBF670370A35D1;
		};
		A8F7C6882A691D332B926983 = {
			isa = XCConfigurationList;
			buildConfigurations = (
				90BC9A4D016C0A23D309CA8D,
				E639B5089625782F283464BA,
			);
			defaultConfigurationIsVisible = 0;
			defaultConfigurationName = Debug;
		};
		34CA5015FB93EDAD0CC205F6 = {
			isa = XCConfigurationList;
			buildConfigurations = (
				4486A1300EF9708AEE7A4A41,
				4A036302881CA00E5FB65165,
			);
			defaultConfigurationIsVisible = 0;
			defaultConfigurationName = Debug;
		};
		D305AF6E1AC457021F2C415A = {
			isa = PBXAggregateTarget;
			buildConfigurationList = 34CA5015FB93EDAD0CC205F6;
			buildPhases = ( );
			buildRules = ( );
			dependencies = (
				D282374EC880190846A0BF8D,
				DF2973A6AA218B4FDBB563DE,
				0FF58494520C4A8183A264B2,
				3C7D3951EBC13202CDE50814,
			);
			name = "GP-Synth - All";
			productName = "GP-Synth";
		};
		9E0BE45AB91E8F3482540F85 = {
			isa = XCConfigurationList;
			buildConfigurations = (
				04C015FF32D50EFD00D1D59F,
				6E0E65E5B2C4C4ADCC89B05D,
			);
			defaultConfigurationIsVisible = 0;
			defaultConfigurationName = Debug;
		};
		88DB84A7CA1B18A762AEB952 = {
			isa = PBXResourcesBuildPhase;
			buildActionMask = 2147483647;
			files = (
				329630B7ED2BF71D74A7AE67,
			);
			runOnlyForDeploymentPostprocessing = 0;
		};
		80441D454ADDE3AF4866AD31 = {
			isa = PBXSourcesBuildPhase;
			buildActionMask = 2147483647;
			files = (
				B0C24BA736DDF0D21D46E157,
			);
			runOnlyForDeploymentPostprocessing = 0;
		};
		E6FE5D51D29C439B411C2268 = {
			isa = PBXFrameworksBuildPhase;
			buildActionMask = 2147483647;
			files = (
				E8B29CFF19E72F7CBB70C03D,
				E64968DD16BBFE33C786D8EF,
				10AE42BA4EA7359C24094688,
				DD17D3C315462AF9F42C9653,
				95A15B33F7A83BC622595D8D,
				8FA309B784EC90FE182F856D,
				F3E00F9DF27B7918C75C4054,
				6225E841DA310D65516578DF,
				B5E24D7C700676E268135472,
				9F9AB4F79E32467B30941E06,
				E181C9E5F280BCBF78C72E77,
			);
			runOnlyForDeploymentPostprocessing = 0;
		};
		1DA48D1102DE1E81D1902B46 = {
			isa = PBXNativeTarget;
			buildConfigurationList = 9E0BE45AB91E8F3482540F85;
			buildPhases = (
				88DB84A7CA1B18A762AEB952,
				80441D454ADDE3AF4866AD31,
				E6FE5D51D29C439B411C2268,
			);
			buildRules = ( );
			dependencies = (
				3C7D3951EBC13202CDE50814,
			);
			name = "GP-Synth - VST3";
			productName = "GP-Synth";
			productReference = 758CE123F05656E56DE48F72;
			productType = "com.apple.product-type.bundle";
		};
		4D17D36A7CF998CCDA25FB94 = {
			isa = XCConfigurationList;
			buildConfigurations = (
				A869A113691AD9043061D5C5,
				671483EB6CCF6D02D5B412A3,
			);
			defaultConfigurationIsVisible = 0;
			defaultConfigurationName = Debug;
		};
		2330D7650E183ECC6A37A752 = {
			isa = PBXResourcesBuildPhase;
			buildActionMask = 2147483647;
			files = (
				329630B7ED2BF71D74A7AE67,
			);
			runOnlyForDeploymentPostprocessing = 0;
		};
		197B2F500941F1E00C0C72BF = {
			isa = PBXRezBuildPhase;
			buildActionMask = 2147483647;
			files = (
				0B9C18322F853A44D365BE70,
			);
			runOnlyForDeploymentPostprocessing = 0;
		};
		A68FF0623B72A72F89970812 = {
			isa = PBXSourcesBuildPhase;
			buildActionMask = 2147483647;
			files = (
				E34DD963E7026D67B6F2B1F3,
				178B07DDEC1AF1BF9A54629C,
			);
			runOnlyForDeploymentPostprocessing = 0;
		};
		0AC4D3A6884E6B5566EB601C = {
			isa = PBXFrameworksBuildPhase;
			buildActionMask = 2147483647;
			files = (
				E8B29CFF19E72F7CBB70C03D,
				E64968DD16BBFE33C786D8EF,
				F8B119EA1C03BF1CFA8C53F2,
				10AE42BA4EA7359C24094688,
				DD17D3C315462AF9F42C9653,
				95A15B33F7A83BC622595D8D,
				3C9C53FEDBA7F93A0CC6F23F,
				8FA309B784EC90FE182F856D,
				F3E00F9DF27B7918C75C4054,
				6225E841DA310D65516578DF,
				B5E24D7C700676E268135472,
				9F9AB4F79E32467B30941E06,
				E181C9E5F280BCBF78C72E77,
			);
			runOnlyForDeploymentPostprocessing = 0;
		};
		B8164B6D67DCBA9882CF3162 = {
			isa = PBXNativeTarget;
			buildConfigurationList = 4D17D36A7CF998CCDA25FB94;
			buildPhases = (
				2330D7650E183ECC6A37A752,
				197B2F500941F1E00C0C72BF,
				A68FF0623B72A72F89970812,
				0AC4D3A6884E6B5566EB601C,
			);
			buildRules = ( );
			dependencies = (
				3C7D3951EBC13202CDE50814,
			);
			name = "GP-Synth - AU";
			productName = "GP-Synth";
			productReference = 9C4EF9BED1E63D9296F4B01D;
			productType = "com.apple.product-type.bundle";
		};
		0B064D1640D64B8266E7DF96 = {
			isa = XCConfigurationList;
			buildConfigurations = (
				CBFE3FCD79FD36FEDB26E153,
				D574AFEFC52E73C1F80B379D,
			);
			defaultConfigurationIsVisible = 0;
			defaultConfigurationName = Debug;
		};
		6A5E7426A0B3F77AC37FC0CF = {
			isa = PBXResourcesBuildPhase;
			buildActionMask = 2147483647;
			files = (
				329630B7ED2BF71D74A7AE67,
			);
			runOnlyForDeploymentPostprocessing = 0;
		};
		5417BEA325D5C7BF9ADD7950 = {
			isa = PBXSourcesBuildPhase;
			buildActionMask = 2147483647;
			files = (
				5D0C729CC9426FBDE636A2AE,
			);
			runOnlyForDeploymentPostprocessing = 0;
		};
		078D1B89C6B6BABDB84D8983 = {
			isa = PBXFrameworksBuildPhase;
			buildActionMask = 2147483647;
			files = (
				E8B29CFF19E72F7CBB70C03D,
				E64968DD16BBFE33C786D8EF,
				10AE42BA4EA7359C24094688,
				DD17D3C315462AF9F42C9653,
				95A15B33F7A83BC622595D8D,
				8FA309B784EC90FE182F856D,
				F3E00F9DF27B7918C75C4054,
				6225E841DA310D65516578DF,
				B5E24D7C700676E268135472,
				9F9AB4F79E32467B30941E06,
				E181C9E5F280BCBF78C72E77,
			);
			runOnlyForDeploymentPostprocessing = 0;
		};
		5802E54D395756A3733712EA = {
			isa = PBXNativeTarget;
			buildConfigurationList = 0B064D1640D64B8266E7DF96;
			buildPhases = (
				6A5E7426A0B3F77AC37FC0CF,
				5417BEA325D5C7BF9ADD7950,
				078D1B89C6B6BABDB84D8983,
			);
			buildRules = ( );
			dependencies = (
				3C7D3951EBC13202CDE50814,
			);
			name = "GP-Synth - Standalone Plugin";
			productName = "GP-Synth";
			productReference = 1C545C0D003049C263C5347F;
			productType = "com.apple.product-type.application";
		};
		BA4116BFFB2CA6F8F543886C = {
			isa = XCConfigurationList;
			buildConfigurations = (
				142981F36AE93B3DC407E706,
				45D0DB94CBC34B9E119AA726,
			);
			defaultConfigurationIsVisible = 0;
			defaultConfigurationName = Debug;
		};
		62B4C32EA231C8557FA1425B = {
			isa = PBXSourcesBuildPhase;
			buildActionMask = 2147483647;
			files = (
				5A407B1D7724B6539FCA2772,
				BEA0108DC72BD12118F27A76,
				E2400A332F849317A3E2AFE9,
				6DF031F1AC9BDB41FBE6E71C,
				7369B0C9739E5D05682191FA,
				B9D99D801792520845C1346D,
				5179D492DCFA4BD190699756,
				E6BAB8D7251379D662628CBB,
				A042EAD9C7870EA155F849F8,
				97ED00803F43FB745D22CC03,
				C9F23AFA120FEF4233C0B377,
				ECFF95D0567D19F06746912D,
				DE660EDF69D071641DA62B20,
				8534221404145028D3E9E1D8,
				08CF49D3E4D96AEAFAB73D91,
				75F9624BCCABE13733449CC6,
				22B2B183153EED39F6D178CA,
				297C2B8746D22CF139EAA7D8,
				EE3309B69FAA0A1B43915ACE,
				A74745F72EA57B126E9696E0,
				BD6A9B97C2BC47B5585DB863,
				F0BB4528610460E92D46BD89,
				D4B1107BCECA4AB1298B7DFB,
				86EC6615E1F51E7A95C1F0EA,
				8D76A53A518A0BABD11AF696,
				0B3E556C40F0A05E619A4D6B,
				2BEDD97D40B427E7BE11E21D,
				FDCBEB33C7A2799627F83C8F,
				F55216B8F343927484202A0C,
				65304409BFC7F23AFBB9F94F,
				C7009FDC75DFAE862CCD8F73,
				F7C259088BE154E359D3F30E,
				615451330E9EFD06132ACC48,
				23AC29BC1E7255411113C85D,
				54E911AF382D4E3C1DB37149,
				C08286330674124916B09775,
				4F2CD09C033531EE12BE3D41,
			);
			runOnlyForDeploymentPostprocessing = 0;
		};
		22C7D5BE64EBF670370A35D1 = {
			isa = PBXNativeTarget;
			buildConfigurationList = BA4116BFFB2CA6F8F543886C;
			buildPhases = (
				62B4C32EA231C8557FA1425B,
			);
			buildRules = ( );
			dependencies = ( );
			name = "GP-Synth - Shared Code";
			productName = "GP-Synth";
			productReference = C3E3E58318718258E9DDCF42;
			productType = "com.apple.product-type.library.static";
		};
		CE72E2BAF13ABDC46CFEFBF8 = {
			isa = PBXProject;
			buildConfigurationList = A8F7C6882A691D332B926983;
			attributes = { LastUpgradeCheck = 1010; ORGANIZATIONNAME = ""; TargetAttributes = { D305AF6E1AC457021F2C415A = { SystemCapabilities = {com.apple.ApplicationGroups.iOS = { enabled = 0; }; com.apple.InAppPurchase = { enabled = 0; }; com.apple.InterAppAudio = { enabled = 0; }; com.apple.Push = { enabled = 0; }; com.apple.Sandbox = { enabled = 0; }; com.apple.HardenedRuntime = { enabled = 0; }; }; };1DA48D1102DE1E81D1902B46 = { SystemCapabilities = {com.apple.ApplicationGroups.iOS = { enabled = 0; }; com.apple.InAppPurchase = { enabled = 0; }; com.apple.InterAppAudio = { enabled = 0; }; com.apple.Push = { enabled = 0; }; com.apple.Sandbox = { enabled = 0; }; com.apple.HardenedRuntime = { enabled = 0; }; }; };B8164B6D67DCBA9882CF3162 = { SystemCapabilities = {com.apple.ApplicationGroups.iOS = { enabled = 0; }; com.apple.InAppPurchase = { enabled = 0; }; com.apple.InterAppAudio = { enabled = 0; }; com.apple.Push = { enabled = 0; }; com.apple.Sandbox = { enabled = 0; }; com.apple.HardenedRuntime = { enabled = 0; }; }; };5802E54D395756A3733712EA = { SystemCapabilities = {com.apple.ApplicationGroups.iOS = { enabled = 0; }; com.apple.InAppPurchase = { enabled = 0; }; com.apple.InterAppAudio = { enabled = 0; }; com.apple.Push = { enabled = 0; }; com.apple.Sandbox = { enabled = 0; }; com.apple.HardenedRuntime = { enabled = 0; }; }; };22C7D5BE64EBF670370A35D1 = { SystemCapabilities = {com.apple.ApplicationGroups.iOS = { enabled = 0; }; com.apple.InAppPurchase = { enabled = 0; }; com.apple.InterAppAudio = { enabled = 0; }; com.apple.Push = { enabled = 0; }; com.apple.Sandbox = { enabled = 0; }; com.apple.HardenedRuntime = { enabled = 0; }; }; }; }; };
			compatibilityVersion = "Xcode 3.2";
			hasScannedForEncodings = 0;
			mainGroup = 90739D25459C15B63661E196;
			projectDirPath = "";
			projectRoot = "";
			targets = (D305AF6E1AC457021F2C415A, 1DA48D1102DE1E81D1902B46, B8164B6D67DCBA9882CF3162, 5802E54D395756A3733712EA, 22C7D5BE64EBF670370A35D1);
			knownRegions = (en, Base);
		};
	};
	rootObject = CE72E2BAF13ABDC46CFEFBF8;
}
